
Microsoft Visual Studio Solution File, Format Version 12.00
# Visual Studio Version 17
VisualStudioVersion = 17.14.36616.10
MinimumVisualStudioVersion = 10.0.40219.1
Project("{FAE04EC0-301F-11D3-BF4B-00C04F79EFBC}") = "API", "API.csproj", "{D138F16B-F1C3-49D3-BE6D-81E247DFF15C}"
EndProject
Project("{FAE04EC0-301F-11D3-BF4B-00C04F79EFBC}") = "Domain", "..\Domain\Domain.csproj", "{517214AD-E2DC-45C6-98E0-E9225EE1C98A}"
EndProject
Project("{FAE04EC0-301F-11D3-BF4B-00C04F79EFBC}") = "Application", "..\Application\Application.csproj", "{35B78FAA-D5A4-4EC9-B7A2-71175C6F62B9}"
EndProject
Project("{FAE04EC0-301F-11D3-BF4B-00C04F79EFBC}") = "Infrastructure", "..\Infrastructure\Infrastructure.csproj", "{FFAD9DE2-6824-4288-B30C-8F298C66F08B}"
EndProject
Global
	GlobalSection(SolutionConfigurationPlatforms) = preSolution
		Debug|Any CPU = Debug|Any CPU
		Release|Any CPU = Release|Any CPU
	EndGlobalSection
	GlobalSection(ProjectConfigurationPlatforms) = postSolution
		{D138F16B-F1C3-49D3-BE6D-81E247DFF15C}.Debug|Any CPU.ActiveCfg = Debug|Any CPU
		{D138F16B-F1C3-49D3-BE6D-81E247DFF15C}.Debug|Any CPU.Build.0 = Debug|Any CPU
		{D138F16B-F1C3-49D3-BE6D-81E247DFF15C}.Release|Any CPU.ActiveCfg = Release|Any CPU
		{D138F16B-F1C3-49D3-BE6D-81E247DFF15C}.Release|Any CPU.Build.0 = Release|Any CPU
		{517214AD-E2DC-45C6-98E0-E9225EE1C98A}.Debug|Any CPU.ActiveCfg = Debug|Any CPU
		{517214AD-E2DC-45C6-98E0-E9225EE1C98A}.Debug|Any CPU.Build.0 = Debug|Any CPU
		{517214AD-E2DC-45C6-98E0-E9225EE1C98A}.Release|Any CPU.ActiveCfg = Release|Any CPU
		{517214AD-E2DC-45C6-98E0-E9225EE1C98A}.Release|Any CPU.Build.0 = Release|Any CPU
		{35B78FAA-D5A4-4EC9-B7A2-71175C6F62B9}.Debug|Any CPU.ActiveCfg = Debug|Any CPU
		{35B78FAA-D5A4-4EC9-B7A2-71175C6F62B9}.Debug|Any CPU.Build.0 = Debug|Any CPU
		{35B78FAA-D5A4-4EC9-B7A2-71175C6F62B9}.Release|Any CPU.ActiveCfg = Release|Any CPU
		{35B78FAA-D5A4-4EC9-B7A2-71175C6F62B9}.Release|Any CPU.Build.0 = Release|Any CPU
		{FFAD9DE2-6824-4288-B30C-8F298C66F08B}.Debug|Any CPU.ActiveCfg = Debug|Any CPU
		{FFAD9DE2-6824-4288-B30C-8F298C66F08B}.Debug|Any CPU.Build.0 = Debug|Any CPU
		{FFAD9DE2-6824-4288-B30C-8F298C66F08B}.Release|Any CPU.ActiveCfg = Release|Any CPU
		{FFAD9DE2-6824-4288-B30C-8F298C66F08B}.Release|Any CPU.Build.0 = Release|Any CPU
	EndGlobalSection
	GlobalSection(SolutionProperties) = preSolution
		HideSolutionNode = FALSE
	EndGlobalSection
	GlobalSection(ExtensibilityGlobals) = postSolution
		SolutionGuid = {40F86C06-530A-4509-BBBB-41BA05841E8C}
	EndGlobalSection
EndGlobal
